
Microsoft Visual Studio Solution File, Format Version 12.00
# Visual Studio Version 16
VisualStudioVersion = 16.0.31402.337
MinimumVisualStudioVersion = 10.0.40219.1
Project("{FAE04EC0-301F-11D3-BF4B-00C04F79EFBC}") = "WebMailing", "WebMailing\WebMailing.csproj", "{6E79715B-4211-4DC6-8563-951EAFBFC051}"
EndProject
Global
	GlobalSection(SolutionConfigurationPlatforms) = preSolution
		Debug|Any CPU = Debug|Any CPU
		Release|Any CPU = Release|Any CPU
	EndGlobalSection
	GlobalSection(ProjectConfigurationPlatforms) = postSolution
		{6E79715B-4211-4DC6-8563-951EAFBFC051}.Debug|Any CPU.ActiveCfg = Debug|Any CPU
		{6E79715B-4211-4DC6-8563-951EAFBFC051}.Debug|Any CPU.Build.0 = Debug|Any CPU
		{6E79715B-4211-4DC6-8563-951EAFBFC051}.Release|Any CPU.ActiveCfg = Release|Any CPU
		{6E79715B-4211-4DC6-8563-951EAFBFC051}.Release|Any CPU.Build.0 = Release|Any CPU
	EndGlobalSection
	GlobalSection(SolutionProperties) = preSolution
		HideSolutionNode = FALSE
	EndGlobalSection
	GlobalSection(ExtensibilityGlobals) = postSolution
		SolutionGuid = {CC8D9CCE-C98D-4FCA-BB9D-C0E73B669073}
	EndGlobalSection
EndGlobal
